PODS:
  - Cuckoo (1.4.1):
    - Cuckoo/Swift (= 1.4.1)
  - Cuckoo/Swift (1.4.1)
  - ZappCore (0.13.11)

DEPENDENCIES:
  - Cuckoo (= 1.4.1)
  - "ZappCore (from `./node_modules/@applicaster/zapp-core/apple/ZappCore.podspec`)"

SPEC REPOS:
  trunk:
    - Cuckoo

EXTERNAL SOURCES:
  ZappCore:
    :path: "./node_modules/@applicaster/zapp-core/apple/ZappCore.podspec"

SPEC CHECKSUMS:
  Cuckoo: 4625f7f54d9bb880123270e8969898d6c1d036b5
  ZappCore: b0bc68d62c7f8cfad59e86f41a0474f33e84cd21

PODFILE CHECKSUM: 776fe233f858825fe090863fdc6a0230c744dd7c

COCOAPODS: 1.9.3
