PODS:
  - Cuckoo (1.0.6)
  - ZappCore (0.9.5)

DEPENDENCIES:
  - Cuckoo (= 1.0.6)
  - ZappCore (from `https://github.com/applicaster/AppleApplicasterFrameworks.git`, branch `master`)

SPEC REPOS:
  trunk:
    - Cuckoo

EXTERNAL SOURCES:
  ZappCore:
    :branch: master
    :git: https://github.com/applicaster/AppleApplicasterFrameworks.git

CHECKOUT OPTIONS:
  ZappCore:
    :commit: ab7202385854af960682a2753dd813af44fa68f1
    :git: https://github.com/applicaster/AppleApplicasterFrameworks.git

SPEC CHECKSUMS:
  Cuckoo: 8074fc309159c4862665b83798f5ad03e061e8bd
  ZappCore: a06163a89b19d1ddbae8797cca3171f62feb71c8

PODFILE CHECKSUM: 5cc1001bebb56a2e91278718c02e4b90f26805f6

COCOAPODS: 1.8.3
