# THIS IS AN AUTOGENERATED FILE. DO NOT EDIT THIS FILE DIRECTLY.
# yarn lockfile v1


"@applicaster/zapp-core@0.13.11":
  version "0.13.11"
  resolved "https://registry.yarnpkg.com/@applicaster/zapp-core/-/zapp-core-0.13.11.tgz#734aa2d65022af3daba3fe9288783ea87dfeeca4"
  integrity sha512-B3PJ6cgLLeZ75aS2xK/ppjjA+YEDGN09+Qf9zezDRDTKD7E9pqJJepbgeoJ3hg9/+FLdUB9EgIL5VxVwEbeY0Q==
